
Microsoft Visual Studio Solution File, Format Version 12.00
Project("{FAE04EC0-301F-11D3-BF4B-00C04F79EFBC}") = "Next_Chat", "Next_Chat\Next_Chat.csproj", "{DF3BD7C3-15CC-4AD4-BB66-B85A3A4F65FE}"
EndProject
Project("{FAE04EC0-301F-11D3-BF4B-00C04F79EFBC}") = "ResourceSourceGenerator", "ResourceSourceGenerator\ResourceSourceGenerator.csproj", "{6D1861A9-C0AA-410E-86DB-AB6AAFE8E330}"
EndProject
Project("{FAE04EC0-301F-11D3-BF4B-00C04F79EFBC}") = "NextChat.Server", "NextChat.Server\NextChat.Server.csproj", "{6EDC7A80-E173-4D4F-935B-13A89B7D0772}"
EndProject
Global
	GlobalSection(SolutionConfigurationPlatforms) = preSolution
		Debug|Any CPU = Debug|Any CPU
		Release|Any CPU = Release|Any CPU
	EndGlobalSection
	GlobalSection(ProjectConfigurationPlatforms) = postSolution
		{DF3BD7C3-15CC-4AD4-BB66-B85A3A4F65FE}.Release|Any CPU.ActiveCfg = Release|Any CPU
		{DF3BD7C3-15CC-4AD4-BB66-B85A3A4F65FE}.Release|Any CPU.Build.0 = Release|Any CPU
		{DF3BD7C3-15CC-4AD4-BB66-B85A3A4F65FE}.Debug|Any CPU.ActiveCfg = Debug|x86
		{DF3BD7C3-15CC-4AD4-BB66-B85A3A4F65FE}.Debug|Any CPU.Build.0 = Debug|x86
		{6D1861A9-C0AA-410E-86DB-AB6AAFE8E330}.Debug|Any CPU.ActiveCfg = Debug|Any CPU
		{6D1861A9-C0AA-410E-86DB-AB6AAFE8E330}.Debug|Any CPU.Build.0 = Debug|Any CPU
		{6D1861A9-C0AA-410E-86DB-AB6AAFE8E330}.Release|Any CPU.ActiveCfg = Release|Any CPU
		{6D1861A9-C0AA-410E-86DB-AB6AAFE8E330}.Release|Any CPU.Build.0 = Release|Any CPU
		{6EDC7A80-E173-4D4F-935B-13A89B7D0772}.Debug|Any CPU.ActiveCfg = Debug|Any CPU
		{6EDC7A80-E173-4D4F-935B-13A89B7D0772}.Debug|Any CPU.Build.0 = Debug|Any CPU
		{6EDC7A80-E173-4D4F-935B-13A89B7D0772}.Release|Any CPU.ActiveCfg = Release|Any CPU
		{6EDC7A80-E173-4D4F-935B-13A89B7D0772}.Release|Any CPU.Build.0 = Release|Any CPU
	EndGlobalSection
EndGlobal
